
Microsoft Visual Studio Solution File, Format Version 12.00
# Visual Studio Version 17
VisualStudioVersion = 17.5.33516.290
MinimumVisualStudioVersion = 10.0.40219.1
Project("{FAE04EC0-301F-11D3-BF4B-00C04F79EFBC}") = "ProductInventory", "ProductInventory\ProductInventory.csproj", "{9861FD3A-672A-4081-8EC4-F4AE4F315AC7}"
EndProject
Global
	GlobalSection(SolutionConfigurationPlatforms) = preSolution
		Debug|Any CPU = Debug|Any CPU
		Release|Any CPU = Release|Any CPU
	EndGlobalSection
	GlobalSection(ProjectConfigurationPlatforms) = postSolution
		{9861FD3A-672A-4081-8EC4-F4AE4F315AC7}.Debug|Any CPU.ActiveCfg = Debug|Any CPU
		{9861FD3A-672A-4081-8EC4-F4AE4F315AC7}.Debug|Any CPU.Build.0 = Debug|Any CPU
		{9861FD3A-672A-4081-8EC4-F4AE4F315AC7}.Release|Any CPU.ActiveCfg = Release|Any CPU
		{9861FD3A-672A-4081-8EC4-F4AE4F315AC7}.Release|Any CPU.Build.0 = Release|Any CPU
	EndGlobalSection
	GlobalSection(SolutionProperties) = preSolution
		HideSolutionNode = FALSE
	EndGlobalSection
	GlobalSection(ExtensibilityGlobals) = postSolution
		SolutionGuid = {F80E3C59-915A-425D-8AC4-4A52708A9B6E}
	EndGlobalSection
EndGlobal
